
Microsoft Visual Studio Solution File, Format Version 12.00
# Visual Studio 15
VisualStudioVersion = 15.0.28010.2041
MinimumVisualStudioVersion = 10.0.40219.1
Project("{9A19103F-16F7-4668-BE54-9A1E7A4F7556}") = "Problem 1. Anonymous Downsite", "Problem 1. Anonymous Downsite\Problem 1. Anonymous Downsite.csproj", "{FF4F52AA-D2D3-4104-9396-719C6A3F7262}"
EndProject
Project("{9A19103F-16F7-4668-BE54-9A1E7A4F7556}") = "Problem 2. Anonymous Threat", "Problem 2. Anonymous Threat\Problem 2. Anonymous Threat.csproj", "{53AB23FA-B5EF-4034-8055-6CFFA5D8CE87}"
EndProject
Project("{FAE04EC0-301F-11D3-BF4B-00C04F79EFBC}") = "Anonymous_Vox", "Anonymous_Vox\Anonymous_Vox.csproj", "{0552F7A9-398E-4806-ADEA-4E429CC8CD97}"
EndProject
Project("{FAE04EC0-301F-11D3-BF4B-00C04F79EFBC}") = "AnonymousCache", "AnonymousCache\AnonymousCache.csproj", "{B48FEA22-C608-4192-88B2-60539AC16B85}"
EndProject
Global
	GlobalSection(SolutionConfigurationPlatforms) = preSolution
		Debug|Any CPU = Debug|Any CPU
		Release|Any CPU = Release|Any CPU
	EndGlobalSection
	GlobalSection(ProjectConfigurationPlatforms) = postSolution
		{FF4F52AA-D2D3-4104-9396-719C6A3F7262}.Debug|Any CPU.ActiveCfg = Debug|Any CPU
		{FF4F52AA-D2D3-4104-9396-719C6A3F7262}.Debug|Any CPU.Build.0 = Debug|Any CPU
		{FF4F52AA-D2D3-4104-9396-719C6A3F7262}.Release|Any CPU.ActiveCfg = Release|Any CPU
		{FF4F52AA-D2D3-4104-9396-719C6A3F7262}.Release|Any CPU.Build.0 = Release|Any CPU
		{53AB23FA-B5EF-4034-8055-6CFFA5D8CE87}.Debug|Any CPU.ActiveCfg = Debug|Any CPU
		{53AB23FA-B5EF-4034-8055-6CFFA5D8CE87}.Debug|Any CPU.Build.0 = Debug|Any CPU
		{53AB23FA-B5EF-4034-8055-6CFFA5D8CE87}.Release|Any CPU.ActiveCfg = Release|Any CPU
		{53AB23FA-B5EF-4034-8055-6CFFA5D8CE87}.Release|Any CPU.Build.0 = Release|Any CPU
		{0552F7A9-398E-4806-ADEA-4E429CC8CD97}.Debug|Any CPU.ActiveCfg = Debug|Any CPU
		{0552F7A9-398E-4806-ADEA-4E429CC8CD97}.Debug|Any CPU.Build.0 = Debug|Any CPU
		{0552F7A9-398E-4806-ADEA-4E429CC8CD97}.Release|Any CPU.ActiveCfg = Release|Any CPU
		{0552F7A9-398E-4806-ADEA-4E429CC8CD97}.Release|Any CPU.Build.0 = Release|Any CPU
		{B48FEA22-C608-4192-88B2-60539AC16B85}.Debug|Any CPU.ActiveCfg = Debug|Any CPU
		{B48FEA22-C608-4192-88B2-60539AC16B85}.Debug|Any CPU.Build.0 = Debug|Any CPU
		{B48FEA22-C608-4192-88B2-60539AC16B85}.Release|Any CPU.ActiveCfg = Release|Any CPU
		{B48FEA22-C608-4192-88B2-60539AC16B85}.Release|Any CPU.Build.0 = Release|Any CPU
	EndGlobalSection
	GlobalSection(SolutionProperties) = preSolution
		HideSolutionNode = FALSE
	EndGlobalSection
	GlobalSection(ExtensibilityGlobals) = postSolution
		SolutionGuid = {ABF4851B-3812-4C56-9108-6B7EA62526CC}
	EndGlobalSection
EndGlobal
