
Microsoft Visual Studio Solution File, Format Version 12.00
# Visual Studio 15
VisualStudioVersion = 15.0.28010.2041
MinimumVisualStudioVersion = 10.0.40219.1
Project("{FAE04EC0-301F-11D3-BF4B-00C04F79EFBC}") = "StringsAndTextProcessing", "StringsAndTextProcessing\StringsAndTextProcessing.csproj", "{EA767E86-61DB-4644-B866-3915AD05D393}"
EndProject
Project("{FAE04EC0-301F-11D3-BF4B-00C04F79EFBC}") = "ConvertToUnicode", "ConvertToUnicode\ConvertToUnicode.csproj", "{B7EE7FCC-A9A1-4847-B996-F5C25635C89C}"
EndProject
Project("{FAE04EC0-301F-11D3-BF4B-00C04F79EFBC}") = "CharacterMultiplier", "CharacterMultiplier\CharacterMultiplier.csproj", "{4BDB446E-8832-41BE-A2BF-625E5D54D30E}"
EndProject
Project("{FAE04EC0-301F-11D3-BF4B-00C04F79EFBC}") = "ExchangableWords", "ExchangableWords\ExchangableWords.csproj", "{ED7F273A-8A4C-4BFA-84A1-0789104367AF}"
EndProject
Project("{FAE04EC0-301F-11D3-BF4B-00C04F79EFBC}") = "SumOfLargeNumbers", "SumOfLargeNumbers\SumOfLargeNumbers.csproj", "{C7B347D7-EB2A-482F-B39B-DB9E6B650E6F}"
EndProject
Global
	GlobalSection(SolutionConfigurationPlatforms) = preSolution
		Debug|Any CPU = Debug|Any CPU
		Release|Any CPU = Release|Any CPU
	EndGlobalSection
	GlobalSection(ProjectConfigurationPlatforms) = postSolution
		{EA767E86-61DB-4644-B866-3915AD05D393}.Debug|Any CPU.ActiveCfg = Debug|Any CPU
		{EA767E86-61DB-4644-B866-3915AD05D393}.Debug|Any CPU.Build.0 = Debug|Any CPU
		{EA767E86-61DB-4644-B866-3915AD05D393}.Release|Any CPU.ActiveCfg = Release|Any CPU
		{EA767E86-61DB-4644-B866-3915AD05D393}.Release|Any CPU.Build.0 = Release|Any CPU
		{B7EE7FCC-A9A1-4847-B996-F5C25635C89C}.Debug|Any CPU.ActiveCfg = Debug|Any CPU
		{B7EE7FCC-A9A1-4847-B996-F5C25635C89C}.Debug|Any CPU.Build.0 = Debug|Any CPU
		{B7EE7FCC-A9A1-4847-B996-F5C25635C89C}.Release|Any CPU.ActiveCfg = Release|Any CPU
		{B7EE7FCC-A9A1-4847-B996-F5C25635C89C}.Release|Any CPU.Build.0 = Release|Any CPU
		{4BDB446E-8832-41BE-A2BF-625E5D54D30E}.Debug|Any CPU.ActiveCfg = Debug|Any CPU
		{4BDB446E-8832-41BE-A2BF-625E5D54D30E}.Debug|Any CPU.Build.0 = Debug|Any CPU
		{4BDB446E-8832-41BE-A2BF-625E5D54D30E}.Release|Any CPU.ActiveCfg = Release|Any CPU
		{4BDB446E-8832-41BE-A2BF-625E5D54D30E}.Release|Any CPU.Build.0 = Release|Any CPU
		{ED7F273A-8A4C-4BFA-84A1-0789104367AF}.Debug|Any CPU.ActiveCfg = Debug|Any CPU
		{ED7F273A-8A4C-4BFA-84A1-0789104367AF}.Debug|Any CPU.Build.0 = Debug|Any CPU
		{ED7F273A-8A4C-4BFA-84A1-0789104367AF}.Release|Any CPU.ActiveCfg = Release|Any CPU
		{ED7F273A-8A4C-4BFA-84A1-0789104367AF}.Release|Any CPU.Build.0 = Release|Any CPU
		{C7B347D7-EB2A-482F-B39B-DB9E6B650E6F}.Debug|Any CPU.ActiveCfg = Debug|Any CPU
		{C7B347D7-EB2A-482F-B39B-DB9E6B650E6F}.Debug|Any CPU.Build.0 = Debug|Any CPU
		{C7B347D7-EB2A-482F-B39B-DB9E6B650E6F}.Release|Any CPU.ActiveCfg = Release|Any CPU
		{C7B347D7-EB2A-482F-B39B-DB9E6B650E6F}.Release|Any CPU.Build.0 = Release|Any CPU
	EndGlobalSection
	GlobalSection(SolutionProperties) = preSolution
		HideSolutionNode = FALSE
	EndGlobalSection
	GlobalSection(ExtensibilityGlobals) = postSolution
		SolutionGuid = {06ECD928-F219-4ACF-B232-B103C534BAEF}
	EndGlobalSection
EndGlobal
